
Microsoft Visual Studio Solution File, Format Version 12.00
# Visual Studio 2013
VisualStudioVersion = 12.0.31101.0
MinimumVisualStudioVersion = 10.0.40219.1
Project("{8BC9CEB8-8B4A-11D0-8D11-00A0C91BC942}") = "3.54", "3.54\3.54.vcxproj", "{909668D2-F8FE-47F7-90B5-FA6B38DF9A54}"
EndProject
Project("{8BC9CEB8-8B4A-11D0-8D11-00A0C91BC942}") = "3.55", "3.55\3.55.vcxproj", "{FE40B7B8-FE4B-4CC7-A636-21C82AFC2DBF}"
EndProject
Project("{8BC9CEB8-8B4A-11D0-8D11-00A0C91BC942}") = "3.56", "3.56\3.56.vcxproj", "{670FCF34-DEDE-4541-AA6C-936E920CBD42}"
EndProject
Project("{8BC9CEB8-8B4A-11D0-8D11-00A0C91BC942}") = "3.57", "3.57\3.57.vcxproj", "{5A399998-D582-4D06-9313-D961F017185B}"
EndProject
Project("{8BC9CEB8-8B4A-11D0-8D11-00A0C91BC942}") = "3.58", "3.58\3.58.vcxproj", "{A689F12B-B579-402A-9DA3-FB265EE5EEA7}"
EndProject
Project("{8BC9CEB8-8B4A-11D0-8D11-00A0C91BC942}") = "3.59", "3.59\3.59.vcxproj", "{12648B39-11C0-4E46-A233-2153F240BD3C}"
EndProject
Project("{8BC9CEB8-8B4A-11D0-8D11-00A0C91BC942}") = "3.60", "3.60\3.60.vcxproj", "{AEDC7DD6-1BDB-4B0C-8DE1-7460E9999B6B}"
EndProject
Project("{8BC9CEB8-8B4A-11D0-8D11-00A0C91BC942}") = "3.61", "3.61\3.61.vcxproj", "{4C7A1713-63F0-4125-B154-A938BB0D2912}"
EndProject
Project("{8BC9CEB8-8B4A-11D0-8D11-00A0C91BC942}") = "3.62", "3.62\3.62.vcxproj", "{D9361C18-5C90-4799-8E46-4DA94DAE452E}"
EndProject
Project("{8BC9CEB8-8B4A-11D0-8D11-00A0C91BC942}") = "3.63", "3.63\3.63.vcxproj", "{D9734FE3-5C1D-4EC7-A055-9B0314168FAA}"
EndProject
Project("{8BC9CEB8-8B4A-11D0-8D11-00A0C91BC942}") = "3.64", "3.64\3.64.vcxproj", "{DA364476-795C-4727-85B4-EBF734C5F62E}"
EndProject
Project("{8BC9CEB8-8B4A-11D0-8D11-00A0C91BC942}") = "3.65", "3.65\3.65.vcxproj", "{50BEE9C4-9385-46AB-B185-6C5105400565}"
EndProject
Project("{8BC9CEB8-8B4A-11D0-8D11-00A0C91BC942}") = "3.66", "3.66\3.66.vcxproj", "{67E856E5-2782-4AE7-B4B8-67A3D7715F92}"
EndProject
Global
	GlobalSection(SolutionConfigurationPlatforms) = preSolution
		Debug|Win32 = Debug|Win32
		Release|Win32 = Release|Win32
	EndGlobalSection
	GlobalSection(ProjectConfigurationPlatforms) = postSolution
		{909668D2-F8FE-47F7-90B5-FA6B38DF9A54}.Debug|Win32.ActiveCfg = Debug|Win32
		{909668D2-F8FE-47F7-90B5-FA6B38DF9A54}.Debug|Win32.Build.0 = Debug|Win32
		{909668D2-F8FE-47F7-90B5-FA6B38DF9A54}.Release|Win32.ActiveCfg = Release|Win32
		{909668D2-F8FE-47F7-90B5-FA6B38DF9A54}.Release|Win32.Build.0 = Release|Win32
		{FE40B7B8-FE4B-4CC7-A636-21C82AFC2DBF}.Debug|Win32.ActiveCfg = Debug|Win32
		{FE40B7B8-FE4B-4CC7-A636-21C82AFC2DBF}.Debug|Win32.Build.0 = Debug|Win32
		{FE40B7B8-FE4B-4CC7-A636-21C82AFC2DBF}.Release|Win32.ActiveCfg = Release|Win32
		{FE40B7B8-FE4B-4CC7-A636-21C82AFC2DBF}.Release|Win32.Build.0 = Release|Win32
		{670FCF34-DEDE-4541-AA6C-936E920CBD42}.Debug|Win32.ActiveCfg = Debug|Win32
		{670FCF34-DEDE-4541-AA6C-936E920CBD42}.Debug|Win32.Build.0 = Debug|Win32
		{670FCF34-DEDE-4541-AA6C-936E920CBD42}.Release|Win32.ActiveCfg = Release|Win32
		{670FCF34-DEDE-4541-AA6C-936E920CBD42}.Release|Win32.Build.0 = Release|Win32
		{5A399998-D582-4D06-9313-D961F017185B}.Debug|Win32.ActiveCfg = Debug|Win32
		{5A399998-D582-4D06-9313-D961F017185B}.Debug|Win32.Build.0 = Debug|Win32
		{5A399998-D582-4D06-9313-D961F017185B}.Release|Win32.ActiveCfg = Release|Win32
		{5A399998-D582-4D06-9313-D961F017185B}.Release|Win32.Build.0 = Release|Win32
		{A689F12B-B579-402A-9DA3-FB265EE5EEA7}.Debug|Win32.ActiveCfg = Debug|Win32
		{A689F12B-B579-402A-9DA3-FB265EE5EEA7}.Debug|Win32.Build.0 = Debug|Win32
		{A689F12B-B579-402A-9DA3-FB265EE5EEA7}.Release|Win32.ActiveCfg = Release|Win32
		{A689F12B-B579-402A-9DA3-FB265EE5EEA7}.Release|Win32.Build.0 = Release|Win32
		{12648B39-11C0-4E46-A233-2153F240BD3C}.Debug|Win32.ActiveCfg = Debug|Win32
		{12648B39-11C0-4E46-A233-2153F240BD3C}.Debug|Win32.Build.0 = Debug|Win32
		{12648B39-11C0-4E46-A233-2153F240BD3C}.Release|Win32.ActiveCfg = Release|Win32
		{12648B39-11C0-4E46-A233-2153F240BD3C}.Release|Win32.Build.0 = Release|Win32
		{AEDC7DD6-1BDB-4B0C-8DE1-7460E9999B6B}.Debug|Win32.ActiveCfg = Debug|Win32
		{AEDC7DD6-1BDB-4B0C-8DE1-7460E9999B6B}.Debug|Win32.Build.0 = Debug|Win32
		{AEDC7DD6-1BDB-4B0C-8DE1-7460E9999B6B}.Release|Win32.ActiveCfg = Release|Win32
		{AEDC7DD6-1BDB-4B0C-8DE1-7460E9999B6B}.Release|Win32.Build.0 = Release|Win32
		{4C7A1713-63F0-4125-B154-A938BB0D2912}.Debug|Win32.ActiveCfg = Debug|Win32
		{4C7A1713-63F0-4125-B154-A938BB0D2912}.Debug|Win32.Build.0 = Debug|Win32
		{4C7A1713-63F0-4125-B154-A938BB0D2912}.Release|Win32.ActiveCfg = Release|Win32
		{4C7A1713-63F0-4125-B154-A938BB0D2912}.Release|Win32.Build.0 = Release|Win32
		{D9361C18-5C90-4799-8E46-4DA94DAE452E}.Debug|Win32.ActiveCfg = Debug|Win32
		{D9361C18-5C90-4799-8E46-4DA94DAE452E}.Debug|Win32.Build.0 = Debug|Win32
		{D9361C18-5C90-4799-8E46-4DA94DAE452E}.Release|Win32.ActiveCfg = Release|Win32
		{D9361C18-5C90-4799-8E46-4DA94DAE452E}.Release|Win32.Build.0 = Release|Win32
		{D9734FE3-5C1D-4EC7-A055-9B0314168FAA}.Debug|Win32.ActiveCfg = Debug|Win32
		{D9734FE3-5C1D-4EC7-A055-9B0314168FAA}.Debug|Win32.Build.0 = Debug|Win32
		{D9734FE3-5C1D-4EC7-A055-9B0314168FAA}.Release|Win32.ActiveCfg = Release|Win32
		{D9734FE3-5C1D-4EC7-A055-9B0314168FAA}.Release|Win32.Build.0 = Release|Win32
		{DA364476-795C-4727-85B4-EBF734C5F62E}.Debug|Win32.ActiveCfg = Debug|Win32
		{DA364476-795C-4727-85B4-EBF734C5F62E}.Debug|Win32.Build.0 = Debug|Win32
		{DA364476-795C-4727-85B4-EBF734C5F62E}.Release|Win32.ActiveCfg = Release|Win32
		{DA364476-795C-4727-85B4-EBF734C5F62E}.Release|Win32.Build.0 = Release|Win32
		{50BEE9C4-9385-46AB-B185-6C5105400565}.Debug|Win32.ActiveCfg = Debug|Win32
		{50BEE9C4-9385-46AB-B185-6C5105400565}.Debug|Win32.Build.0 = Debug|Win32
		{50BEE9C4-9385-46AB-B185-6C5105400565}.Release|Win32.ActiveCfg = Release|Win32
		{50BEE9C4-9385-46AB-B185-6C5105400565}.Release|Win32.Build.0 = Release|Win32
		{67E856E5-2782-4AE7-B4B8-67A3D7715F92}.Debug|Win32.ActiveCfg = Debug|Win32
		{67E856E5-2782-4AE7-B4B8-67A3D7715F92}.Debug|Win32.Build.0 = Debug|Win32
		{67E856E5-2782-4AE7-B4B8-67A3D7715F92}.Release|Win32.ActiveCfg = Release|Win32
		{67E856E5-2782-4AE7-B4B8-67A3D7715F92}.Release|Win32.Build.0 = Release|Win32
	EndGlobalSection
	GlobalSection(SolutionProperties) = preSolution
		HideSolutionNode = FALSE
	EndGlobalSection
EndGlobal
