
Microsoft Visual Studio Solution File, Format Version 12.00
# Visual Studio 2013
VisualStudioVersion = 12.0.31101.0
MinimumVisualStudioVersion = 10.0.40219.1
Project("{8BC9CEB8-8B4A-11D0-8D11-00A0C91BC942}") = "4.43", "4.43\4.43.vcxproj", "{59FB3B18-E978-4B5F-B7D4-FA2F8A3132AB}"
EndProject
Project("{8BC9CEB8-8B4A-11D0-8D11-00A0C91BC942}") = "4.44", "4.44\4.44.vcxproj", "{EC6C25CB-C9B7-4E0E-963D-86636147BC24}"
EndProject
Project("{8BC9CEB8-8B4A-11D0-8D11-00A0C91BC942}") = "4.45", "4.45\4.45.vcxproj", "{C211B863-CDDD-402D-8B22-C6ABEB454DFE}"
EndProject
Project("{8BC9CEB8-8B4A-11D0-8D11-00A0C91BC942}") = "4.46", "4.46\4.46.vcxproj", "{58D9F5E3-9307-4DAA-942F-1EF49B3FEE32}"
EndProject
Global
	GlobalSection(SolutionConfigurationPlatforms) = preSolution
		Debug|Win32 = Debug|Win32
		Release|Win32 = Release|Win32
	EndGlobalSection
	GlobalSection(ProjectConfigurationPlatforms) = postSolution
		{59FB3B18-E978-4B5F-B7D4-FA2F8A3132AB}.Debug|Win32.ActiveCfg = Debug|Win32
		{59FB3B18-E978-4B5F-B7D4-FA2F8A3132AB}.Debug|Win32.Build.0 = Debug|Win32
		{59FB3B18-E978-4B5F-B7D4-FA2F8A3132AB}.Release|Win32.ActiveCfg = Release|Win32
		{59FB3B18-E978-4B5F-B7D4-FA2F8A3132AB}.Release|Win32.Build.0 = Release|Win32
		{EC6C25CB-C9B7-4E0E-963D-86636147BC24}.Debug|Win32.ActiveCfg = Debug|Win32
		{EC6C25CB-C9B7-4E0E-963D-86636147BC24}.Debug|Win32.Build.0 = Debug|Win32
		{EC6C25CB-C9B7-4E0E-963D-86636147BC24}.Release|Win32.ActiveCfg = Release|Win32
		{EC6C25CB-C9B7-4E0E-963D-86636147BC24}.Release|Win32.Build.0 = Release|Win32
		{C211B863-CDDD-402D-8B22-C6ABEB454DFE}.Debug|Win32.ActiveCfg = Debug|Win32
		{C211B863-CDDD-402D-8B22-C6ABEB454DFE}.Debug|Win32.Build.0 = Debug|Win32
		{C211B863-CDDD-402D-8B22-C6ABEB454DFE}.Release|Win32.ActiveCfg = Release|Win32
		{C211B863-CDDD-402D-8B22-C6ABEB454DFE}.Release|Win32.Build.0 = Release|Win32
		{58D9F5E3-9307-4DAA-942F-1EF49B3FEE32}.Debug|Win32.ActiveCfg = Debug|Win32
		{58D9F5E3-9307-4DAA-942F-1EF49B3FEE32}.Debug|Win32.Build.0 = Debug|Win32
		{58D9F5E3-9307-4DAA-942F-1EF49B3FEE32}.Release|Win32.ActiveCfg = Release|Win32
		{58D9F5E3-9307-4DAA-942F-1EF49B3FEE32}.Release|Win32.Build.0 = Release|Win32
	EndGlobalSection
	GlobalSection(SolutionProperties) = preSolution
		HideSolutionNode = FALSE
	EndGlobalSection
EndGlobal
